
Microsoft Visual Studio Solution File, Format Version 12.00
# Visual Studio Version 17
VisualStudioVersion = 17.0.31919.166
MinimumVisualStudioVersion = 10.0.40219.1
Project("{9A19103F-16F7-4668-BE54-9A1E7A4F7556}") = "CoreServices", "CoreServices\CoreServices.csproj", "{2CB2443F-2EB5-44DA-BB47-2B66F0F1CA9A}"
EndProject
Global
	GlobalSection(SolutionConfigurationPlatforms) = preSolution
		Debug|Any CPU = Debug|Any CPU
		Release|Any CPU = Release|Any CPU
	EndGlobalSection
	GlobalSection(ProjectConfigurationPlatforms) = postSolution
		{2CB2443F-2EB5-44DA-BB47-2B66F0F1CA9A}.Debug|Any CPU.ActiveCfg = Debug|Any CPU
		{2CB2443F-2EB5-44DA-BB47-2B66F0F1CA9A}.Debug|Any CPU.Build.0 = Debug|Any CPU
		{2CB2443F-2EB5-44DA-BB47-2B66F0F1CA9A}.Release|Any CPU.ActiveCfg = Release|Any CPU
		{2CB2443F-2EB5-44DA-BB47-2B66F0F1CA9A}.Release|Any CPU.Build.0 = Release|Any CPU
	EndGlobalSection
	GlobalSection(SolutionProperties) = preSolution
		HideSolutionNode = FALSE
	EndGlobalSection
	GlobalSection(ExtensibilityGlobals) = postSolution
		SolutionGuid = {DE4980CF-301C-45AB-94C3-253B7E93B806}
	EndGlobalSection
EndGlobal
